
Microsoft Visual Studio Solution File, Format Version 12.00
# Visual Studio Version 17
VisualStudioVersion = 17.4.33403.182
MinimumVisualStudioVersion = 10.0.40219.1
Project("{9A19103F-16F7-4668-BE54-9A1E7A4F7556}") = "BlazorWasm7.0", "BlazorWasm7.0\BlazorWasm7.0.csproj", "{F7D9D270-D9AF-47C4-B178-4A14B521B4B6}"
EndProject
Global
	GlobalSection(SolutionConfigurationPlatforms) = preSolution
		Debug|Any CPU = Debug|Any CPU
		Release|Any CPU = Release|Any CPU
		Release-Xml|Any CPU = Release-Xml|Any CPU
	EndGlobalSection
	GlobalSection(ProjectConfigurationPlatforms) = postSolution
		{F7D9D270-D9AF-47C4-B178-4A14B521B4B6}.Debug|Any CPU.ActiveCfg = Debug|Any CPU
		{F7D9D270-D9AF-47C4-B178-4A14B521B4B6}.Debug|Any CPU.Build.0 = Debug|Any CPU
		{F7D9D270-D9AF-47C4-B178-4A14B521B4B6}.Release|Any CPU.ActiveCfg = Release|Any CPU
		{F7D9D270-D9AF-47C4-B178-4A14B521B4B6}.Release|Any CPU.Build.0 = Release|Any CPU
		{F7D9D270-D9AF-47C4-B178-4A14B521B4B6}.Release-Xml|Any CPU.ActiveCfg = Release|Any CPU
		{F7D9D270-D9AF-47C4-B178-4A14B521B4B6}.Release-Xml|Any CPU.Build.0 = Release|Any CPU
	EndGlobalSection
	GlobalSection(SolutionProperties) = preSolution
		HideSolutionNode = FALSE
	EndGlobalSection
	GlobalSection(ExtensibilityGlobals) = postSolution
		SolutionGuid = {BAF5C1D1-3172-452B-B5DD-7E5A4A8D74D7}
	EndGlobalSection
EndGlobal
